// !$*UTF8*$!
{
	archiveVersion = 1;
	classes = {
	};
	objectVersion = 46;
	objects = {

/* Begin PBXBuildFile section */
		47D399531E36436E00905F76 /* main.m in Sources */ = {isa = PBXBuildFile; fileRef = 47D399521E36436E00905F76 /* main.m */; };
		47D399561E36436E00905F76 /* AppDelegate.m in Sources */ = {isa = PBXBuildFile; fileRef = 47D399551E36436E00905F76 /* AppDelegate.m */; };
		47D399591E36436E00905F76 /* ViewController.m in Sources */ = {isa = PBXBuildFile; fileRef = 47D399581E36436E00905F76 /* ViewController.m */; };
		47D3995C1E36436E00905F76 /* Main.storyboard in Resources */ = {isa = PBXBuildFile; fileRef = 47D3995A1E36436E00905F76 /* Main.storyboard */; };
		47D3995E1E36436E00905F76 /* Assets.xcassets in Resources */ = {isa = PBXBuildFile; fileRef = 47D3995D1E36436E00905F76 /* Assets.xcassets */; };
		47D399611E36436E00905F76 /* LaunchScreen.storyboard in Resources */ = {isa = PBXBuildFile; fileRef = 47D3995F1E36436E00905F76 /* LaunchScreen.storyboard */; };
		47D3996A1E36451F00905F76 /* TableViewController.m in Sources */ = {isa = PBXBuildFile; fileRef = 47D399691E36451F00905F76 /* TableViewController.m */; };
/* End PBXBuildFile section */

/* Begin PBXFileReference section */
		47D3994E1E36436E00905F76 /* Labb3.app */ = {isa = PBXFileReference; explicitFileType = wrapper.application; includeInIndex = 0; path = Labb3.app; sourceTree = BUILT_PRODUCTS_DIR; };
		47D399521E36436E00905F76 /* main.m */ = {isa = PBXFileReference; lastKnownFileType = sourcecode.c.objc; path = main.m; sourceTree = "<group>"; };
		47D399541E36436E00905F76 /* AppDelegate.h */ = {isa = PBXFileReference; lastKnownFileType = sourcecode.c.h; path = AppDelegate.h; sourceTree = "<group>"; };
		47D399551E36436E00905F76 /* AppDelegate.m */ = {isa = PBXFileReference; lastKnownFileType = sourcecode.c.objc; path = AppDelegate.m; sourceTree = "<group>"; };
		47D399571E36436E00905F76 /* ViewController.h */ = {isa = PBXFileReference; lastKnownFileType = sourcecode.c.h; path = ViewController.h; sourceTree = "<group>"; };
		47D399581E36436E00905F76 /* ViewController.m */ = {isa = PBXFileReference; lastKnownFileType = sourcecode.c.objc; path = ViewController.m; sourceTree = "<group>"; };
		47D3995B1E36436E00905F76 /* Base */ = {isa = PBXFileReference; lastKnownFileType = file.storyboard; name = Base; path = Base.lproj/Main.storyboard; sourceTree = "<group>"; };
		47D3995D1E36436E00905F76 /* Assets.xcassets */ = {isa = PBXFileReference; lastKnownFileType = folder.assetcatalog; path = Assets.xcassets; sourceTree = "<group>"; };
		47D399601E36436E00905F76 /* Base */ = {isa = PBXFileReference; lastKnownFileType = file.storyboard; name = Base; path = Base.lproj/LaunchScreen.storyboard; sourceTree = "<group>"; };
		47D399621E36436E00905F76 /* Info.plist */ = {isa = PBXFileReference; lastKnownFileType = text.plist.xml; path = Info.plist; sourceTree = "<group>"; };
		47D399681E36451F00905F76 /* TableViewController.h */ = {isa = PBXFileReference; fileEncoding = 4; lastKnownFileType = sourcecode.c.h; path = TableViewController.h; sourceTree = "<group>"; };
		47D399691E36451F00905F76 /* TableViewController.m */ = {isa = PBXFileReference; fileEncoding = 4; lastKnownFileType = sourcecode.c.objc; path = TableViewController.m; sourceTree = "<group>"; };
/* End PBXFileReference section */

/* Begin PBXFrameworksBuildPhase section */
		47D3994B1E36436E00905F76 /* Frameworks */ = {
			isa = PBXFrameworksBuildPhase;
			buildActionMask = 2147483647;
			files = (
			);
			runOnlyForDeploymentPostprocessing = 0;
		};
/* End PBXFrameworksBuildPhase section */

/* Begin PBXGroup section */
		47D399451E36436E00905F76 = {
			isa = PBXGroup;
			children = (
				47D399501E36436E00905F76 /* Labb3 */,
				47D3994F1E36436E00905F76 /* Products */,
			);
			sourceTree = "<group>";
		};
		47D3994F1E36436E00905F76 /* Products */ = {
			isa = PBXGroup;
			children = (
				47D3994E1E36436E00905F76 /* Labb3.app */,
			);
			name = Products;
			sourceTree = "<group>";
		};
		47D399501E36436E00905F76 /* Labb3 */ = {
			isa = PBXGroup;
			children = (
				47D399541E36436E00905F76 /* AppDelegate.h */,
				47D399551E36436E00905F76 /* AppDelegate.m */,
				47D399571E36436E00905F76 /* ViewController.h */,
				47D399581E36436E00905F76 /* ViewController.m */,
				47D3995A1E36436E00905F76 /* Main.storyboard */,
				47D399681E36451F00905F76 /* TableViewController.h */,
				47D399691E36451F00905F76 /* TableViewController.m */,
				47D3995D1E36436E00905F76 /* Assets.xcassets */,
				47D3995F1E36436E00905F76 /* LaunchScreen.storyboard */,
				47D399621E36436E00905F76 /* Info.plist */,
				47D399511E36436E00905F76 /* Supporting Files */,
			);
			path = Labb3;
			sourceTree = "<group>";
		};
		47D399511E36436E00905F76 /* Supporting Files */ = {
			isa = PBXGroup;
			children = (
				47D399521E36436E00905F76 /* main.m */,
			);
			name = "Supporting Files";
			sourceTree = "<group>";
		};
/* End PBXGroup section */

/* Begin PBXNativeTarget section */
		47D3994D1E36436E00905F76 /* Labb3 */ = {
			isa = PBXNativeTarget;
			buildConfigurationList = 47D399651E36436E00905F76 /* Build configuration list for PBXNativeTarget "Labb3" */;
			buildPhases = (
				47D3994A1E36436E00905F76 /* Sources */,
				47D3994B1E36436E00905F76 /* Frameworks */,
				47D3994C1E36436E00905F76 /* Resources */,
			);
			buildRules = (
			);
			dependencies = (
			);
			name = Labb3;
			productName = Labb3;
			productReference = 47D3994E1E36436E00905F76 /* Labb3.app */;
			productType = "com.apple.product-type.application";
		};
/* End PBXNativeTarget section */

/* Begin PBXProject section */
		47D399461E36436E00905F76 /* Project object */ = {
			isa = PBXProject;
			attributes = {
				LastUpgradeCheck = 0820;
				ORGANIZATIONNAME = "Åsa Kwarnmark";
				TargetAttributes = {
					47D3994D1E36436E00905F76 = {
						CreatedOnToolsVersion = 8.2.1;
						ProvisioningStyle = Automatic;
					};
				};
			};
			buildConfigurationList = 47D399491E36436E00905F76 /* Build configuration list for PBXProject "Labb3" */;
			compatibilityVersion = "Xcode 3.2";
			developmentRegion = English;
			hasScannedForEncodings = 0;
			knownRegions = (
				en,
				Base,
			);
			mainGroup = 47D399451E36436E00905F76;
			productRefGroup = 47D3994F1E36436E00905F76 /* Products */;
			projectDirPath = "";
			projectRoot = "";
			targets = (
				47D3994D1E36436E00905F76 /* Labb3 */,
			);
		};
/* End PBXProject section */

/* Begin PBXResourcesBuildPhase section */
		47D3994C1E36436E00905F76 /* Resources */ = {
			isa = PBXResourcesBuildPhase;
			buildActionMask = 2147483647;
			files = (
				47D399611E36436E00905F76 /* LaunchScreen.storyboard in Resources */,
				47D3995E1E36436E00905F76 /* Assets.xcassets in Resources */,
				47D3995C1E36436E00905F76 /* Main.storyboard in Resources */,
			);
			runOnlyForDeploymentPostprocessing = 0;
		};
/* End PBXResourcesBuildPhase section */

/* Begin PBXSourcesBuildPhase section */
		47D3994A1E36436E00905F76 /* Sources */ = {
			isa = PBXSourcesBuildPhase;
			buildActionMask = 2147483647;
			files = (
				47D399591E36436E00905F76 /* ViewController.m in Sources */,
				47D399561E36436E00905F76 /* AppDelegate.m in Sources */,
				47D399531E36436E00905F76 /* main.m in Sources */,
				47D3996A1E36451F00905F76 /* TableViewController.m in Sources */,
			);
			runOnlyForDeploymentPostprocessing = 0;
		};
/* End PBXSourcesBuildPhase section */

/* Begin PBXVariantGroup section */
		47D3995A1E36436E00905F76 /* Main.storyboard */ = {
			isa = PBXVariantGroup;
			children = (
				47D3995B1E36436E00905F76 /* Base */,
			);
			name = Main.storyboard;
			sourceTree = "<group>";
		};
		47D3995F1E36436E00905F76 /* LaunchScreen.storyboard */ = {
			isa = PBXVariantGroup;
			children = (
				47D399601E36436E00905F76 /* Base */,
			);
			name = LaunchScreen.storyboard;
			sourceTree = "<group>";
		};
/* End PBXVariantGroup section */

/* Begin XCBuildConfiguration section */
		47D399631E36436E00905F76 /* Debug */ = {
			isa = XCBuildConfiguration;
			buildSettings = {
				ALWAYS_SEARCH_USER_PATHS = NO;
				CLANG_ANALYZER_NONNULL = YES;
				CLANG_CXX_LANGUAGE_STANDARD = "gnu++0x";
				CLANG_CXX_LIBRARY = "libc++";
				CLANG_ENABLE_MODULES = YES;
				CLANG_ENABLE_OBJC_ARC = YES;
				CLANG_WARN_BOOL_CONVERSION = YES;
				CLANG_WARN_CONSTANT_CONVERSION = YES;
				CLANG_WARN_DIRECT_OBJC_ISA_USAGE = YES_ERROR;
				CLANG_WARN_DOCUMENTATION_COMMENTS = YES;
				CLANG_WARN_EMPTY_BODY = YES;
				CLANG_WARN_ENUM_CONVERSION = YES;
				CLANG_WARN_INFINITE_RECURSION = YES;
				CLANG_WARN_INT_CONVERSION = YES;
				CLANG_WARN_OBJC_ROOT_CLASS = YES_ERROR;
				CLANG_WARN_SUSPICIOUS_MOVE = YES;
				CLANG_WARN_UNREACHABLE_CODE = YES;
				CLANG_WARN__DUPLICATE_METHOD_MATCH = YES;
				"CODE_SIGN_IDENTITY[sdk=iphoneos*]" = "iPhone Developer";
				COPY_PHASE_STRIP = NO;
				DEBUG_INFORMATION_FORMAT = dwarf;
				ENABLE_STRICT_OBJC_MSGSEND = YES;
				ENABLE_TESTABILITY = YES;
				GCC_C_LANGUAGE_STANDARD = gnu99;
				GCC_DYNAMIC_NO_PIC = NO;
				GCC_NO_COMMON_BLOCKS = YES;
				GCC_OPTIMIZATION_LEVEL = 0;
				GCC_PREPROCESSOR_DEFINITIONS = (
					"DEBUG=1",
					"$(inherited)",
				);
				GCC_WARN_64_TO_32_BIT_CONVERSION = YES;
				GCC_WARN_ABOUT_RETURN_TYPE = YES_ERROR;
				GCC_WARN_UNDECLARED_SELECTOR = YES;
				GCC_WARN_UNINITIALIZED_AUTOS = YES_AGGRESSIVE;
				GCC_WARN_UNUSED_FUNCTION = YES;
				GCC_WARN_UNUSED_VARIABLE = YES;
				IPHONEOS_DEPLOYMENT_TARGET = 10.2;
				MTL_ENABLE_DEBUG_INFO = YES;
				ONLY_ACTIVE_ARCH = YES;
				SDKROOT = iphoneos;
			};
			name = Debug;
		};
		47D399641E36436E00905F76 /* Release */ = {
			isa = XCBuildConfiguration;
			buildSettings = {
				ALWAYS_SEARCH_USER_PATHS = NO;
				CLANG_ANALYZER_NONNULL = YES;
				CLANG_CXX_LANGUAGE_STANDARD = "gnu++0x";
				CLANG_CXX_LIBRARY = "libc++";
				CLANG_ENABLE_MODULES = YES;
				CLANG_ENABLE_OBJC_ARC = YES;
				CLANG_WARN_BOOL_CONVERSION = YES;
				CLANG_WARN_CONSTANT_CONVERSION = YES;
				CLANG_WARN_DIRECT_OBJC_ISA_USAGE = YES_ERROR;
				CLANG_WARN_DOCUMENTATION_COMMENTS = YES;
				CLANG_WARN_EMPTY_BODY = YES;
				CLANG_WARN_ENUM_CONVERSION = YES;
				CLANG_WARN_INFINITE_RECURSION = YES;
				CLANG_WARN_INT_CONVERSION = YES;
				CLANG_WARN_OBJC_ROOT_CLASS = YES_ERROR;
				CLANG_WARN_SUSPICIOUS_MOVE = YES;
				CLANG_WARN_UNREACHABLE_CODE = YES;
				CLANG_WARN__DUPLICATE_METHOD_MATCH = YES;
				"CODE_SIGN_IDENTITY[sdk=iphoneos*]" = "iPhone Developer";
				COPY_PHASE_STRIP = NO;
				DEBUG_INFORMATION_FORMAT = "dwarf-with-dsym";
				ENABLE_NS_ASSERTIONS = NO;
				ENABLE_STRICT_OBJC_MSGSEND = YES;
				GCC_C_LANGUAGE_STANDARD = gnu99;
				GCC_NO_COMMON_BLOCKS = YES;
				GCC_WARN_64_TO_32_BIT_CONVERSION = YES;
				GCC_WARN_ABOUT_RETURN_TYPE = YES_ERROR;
				GCC_WARN_UNDECLARED_SELECTOR = YES;
				GCC_WARN_UNINITIALIZED_AUTOS = YES_AGGRESSIVE;
				GCC_WARN_UNUSED_FUNCTION = YES;
				GCC_WARN_UNUSED_VARIABLE = YES;
				IPHONEOS_DEPLOYMENT_TARGET = 10.2;
				MTL_ENABLE_DEBUG_INFO = NO;
				SDKROOT = iphoneos;
				VALIDATE_PRODUCT = YES;
			};
			name = Release;
		};
		47D399661E36436E00905F76 /* Debug */ = {
			isa = XCBuildConfiguration;
			buildSettings = {
				ASSETCATALOG_COMPILER_APPICON_NAME = AppIcon;
				INFOPLIST_FILE = Labb3/Info.plist;
				LD_RUNPATH_SEARCH_PATHS = "$(inherited) @executable_path/Frameworks";
				PRODUCT_BUNDLE_IDENTIFIER = de.polkagris.Labb3;
				PRODUCT_NAME = "$(TARGET_NAME)";
			};
			name = Debug;
		};
		47D399671E36436E00905F76 /* Release */ = {
			isa = XCBuildConfiguration;
			buildSettings = {
				ASSETCATALOG_COMPILER_APPICON_NAME = AppIcon;
				INFOPLIST_FILE = Labb3/Info.plist;
				LD_RUNPATH_SEARCH_PATHS = "$(inherited) @executable_path/Frameworks";
				PRODUCT_BUNDLE_IDENTIFIER = de.polkagris.Labb3;
				PRODUCT_NAME = "$(TARGET_NAME)";
			};
			name = Release;
		};
/* End XCBuildConfiguration section */

/* Begin XCConfigurationList section */
		47D399491E36436E00905F76 /* Build configuration list for PBXProject "Labb3" */ = {
			isa = XCConfigurationList;
			buildConfigurations = (
				47D399631E36436E00905F76 /* Debug */,
				47D399641E36436E00905F76 /* Release */,
			);
			defaultConfigurationIsVisible = 0;
			defaultConfigurationName = Release;
		};
		47D399651E36436E00905F76 /* Build configuration list for PBXNativeTarget "Labb3" */ = {
			isa = XCConfigurationList;
			buildConfigurations = (
				47D399661E36436E00905F76 /* Debug */,
				47D399671E36436E00905F76 /* Release */,
			);
			defaultConfigurationIsVisible = 0;
		};
/* End XCConfigurationList section */
	};
	rootObject = 47D399461E36436E00905F76 /* Project object */;
}
